
Microsoft Visual Studio Solution File, Format Version 12.00
# Visual Studio Version 17
VisualStudioVersion = 17.8.34309.116
MinimumVisualStudioVersion = 10.0.40219.1
Project("{FAE04EC0-301F-11D3-BF4B-00C04F79EFBC}") = "Inlämnings Uppgift 5.7 C-A", "Inlämnings Uppgift 5.7 C-A\Inlämnings Uppgift 5.7 C-A.csproj", "{0D3B6656-4099-45D8-BCD2-0E52178B6207}"
EndProject
Global
	GlobalSection(SolutionConfigurationPlatforms) = preSolution
		Debug|Any CPU = Debug|Any CPU
		Release|Any CPU = Release|Any CPU
	EndGlobalSection
	GlobalSection(ProjectConfigurationPlatforms) = postSolution
		{0D3B6656-4099-45D8-BCD2-0E52178B6207}.Debug|Any CPU.ActiveCfg = Debug|Any CPU
		{0D3B6656-4099-45D8-BCD2-0E52178B6207}.Debug|Any CPU.Build.0 = Debug|Any CPU
		{0D3B6656-4099-45D8-BCD2-0E52178B6207}.Release|Any CPU.ActiveCfg = Release|Any CPU
		{0D3B6656-4099-45D8-BCD2-0E52178B6207}.Release|Any CPU.Build.0 = Release|Any CPU
	EndGlobalSection
	GlobalSection(SolutionProperties) = preSolution
		HideSolutionNode = FALSE
	EndGlobalSection
	GlobalSection(ExtensibilityGlobals) = postSolution
		SolutionGuid = {DBD0AA41-1749-4F22-B7FA-5B3FD2F32BC6}
	EndGlobalSection
EndGlobal
